
Microsoft Visual Studio Solution File, Format Version 12.00
# Visual Studio 15
VisualStudioVersion = 15.0.28010.2046
MinimumVisualStudioVersion = 10.0.40219.1
Project("{FAE04EC0-301F-11D3-BF4B-00C04F79EFBC}") = "ConfluenceRenderer", "ConfluenceRenderer\ConfluenceRenderer.csproj", "{9347F1C9-28E9-43DB-972D-F76C6BA2CF7D}"
EndProject
Global
	GlobalSection(SolutionConfigurationPlatforms) = preSolution
		Debug|Any CPU = Debug|Any CPU
		Release|Any CPU = Release|Any CPU
	EndGlobalSection
	GlobalSection(ProjectConfigurationPlatforms) = postSolution
		{9347F1C9-28E9-43DB-972D-F76C6BA2CF7D}.Debug|Any CPU.ActiveCfg = Debug|Any CPU
		{9347F1C9-28E9-43DB-972D-F76C6BA2CF7D}.Debug|Any CPU.Build.0 = Debug|Any CPU
		{9347F1C9-28E9-43DB-972D-F76C6BA2CF7D}.Release|Any CPU.ActiveCfg = Release|Any CPU
		{9347F1C9-28E9-43DB-972D-F76C6BA2CF7D}.Release|Any CPU.Build.0 = Release|Any CPU
	EndGlobalSection
	GlobalSection(SolutionProperties) = preSolution
		HideSolutionNode = FALSE
	EndGlobalSection
	GlobalSection(ExtensibilityGlobals) = postSolution
		SolutionGuid = {32A8266A-2BAA-421F-8823-299F6BB8210A}
	EndGlobalSection
EndGlobal
